{
  "version": 1,
  "dependencies": {
    "net9.0": {
      "coverlet.collector": {
        "type": "Direct",
        "requested": "[6.0.3, )",
        "resolved": "6.0.3",
        "contentHash": "SvLbRq7gjzE34BI90vP6ge812+PAjinNoKhdFZHwVEu/ozJgZY+0KyDh1K0teDeMeuzQJuF8OvleRBYXsZDz0A=="
      },
      "Microsoft.Extensions.Logging.Console": {
        "type": "Direct",
        "requested": "[9.0.1, )",
        "resolved": "9.0.1",
        "contentHash": "YUzguHYlWfp4upfYlpVe3dnY59P25wc+/YLJ9/NQcblT3EvAB1CObQulClll7NtnFbbx4Js0a0UfyS8SbRsWXQ==",
        "dependencies": {
          "Microsoft.Extensions.DependencyInjection.Abstractions": "9.0.1",
          "Microsoft.Extensions.Logging": "9.0.1",
          "Microsoft.Extensions.Logging.Abstractions": "9.0.1",
          "Microsoft.Extensions.Logging.Configuration": "9.0.1",
          "Microsoft.Extensions.Options": "9.0.1"
        }
      },
      "Microsoft.NET.Test.Sdk": {
        "type": "Direct",
        "requested": "[17.12.0, )",
        "resolved": "17.12.0",
        "contentHash": "kt/PKBZ91rFCWxVIJZSgVLk+YR+4KxTuHf799ho8WNiK5ZQpJNAEZCAWX86vcKrs+DiYjiibpYKdGZP6+/N17w==",
        "dependencies": {
          "Microsoft.CodeCoverage": "17.12.0",
          "Microsoft.TestPlatform.TestHost": "17.12.0"
        }
      },
      "Moq": {
        "type": "Direct",
        "requested": "[4.20.72, )",
        "resolved": "4.20.72",
        "contentHash": "EA55cjyNn8eTNWrgrdZJH5QLFp2L43oxl1tlkoYUKIE9pRwL784OWiTXeCV5ApS+AMYEAlt7Fo03A2XfouvHmQ==",
        "dependencies": {
          "Castle.Core": "5.1.1"
        }
      },
      "NUnit": {
        "type": "Direct",
        "requested": "[4.3.2, )",
        "resolved": "4.3.2",
        "contentHash": "puVXayXNmEu7MFQSUswGmUjOy3M3baprMbkLl5PAutpeDoGTr+jPv33qAYsqxywi2wJCq8l/O3EhHoLulPE1iQ=="
      },
      "NUnit.Analyzers": {
        "type": "Direct",
        "requested": "[4.6.0, )",
        "resolved": "4.6.0",
        "contentHash": "uK1TEViVBugOO6uDou1amu7CoNhrd2sEUFr/iaEmVfoeY8qq/zzWCCUZi97aCCSZmjnHKCCWKh3RucU27qPlKg=="
      },
      "NUnit3TestAdapter": {
        "type": "Direct",
        "requested": "[4.6.0, )",
        "resolved": "4.6.0",
        "contentHash": "R7e1+a4vuV/YS+ItfL7f//rG+JBvVeVLX4mHzFEZo4W1qEKl8Zz27AqvQSAqo+BtIzUCo4aAJMYa56VXS4hudw=="
      },
      "Castle.Core": {
        "type": "Transitive",
        "resolved": "5.1.1",
        "contentHash": "rpYtIczkzGpf+EkZgDr9CClTdemhsrwA/W5hMoPjLkRFnXzH44zDLoovXeKtmxb1ykXK9aJVODSpiJml8CTw2g==",
        "dependencies": {
          "System.Diagnostics.EventLog": "6.0.0"
        }
      },
      "Microsoft.CodeCoverage": {
        "type": "Transitive",
        "resolved": "17.12.0",
        "contentHash": "4svMznBd5JM21JIG2xZKGNanAHNXplxf/kQDFfLHXQ3OnpJkayRK/TjacFjA+EYmoyuNXHo/sOETEfcYtAzIrA=="
      },
      "Microsoft.Extensions.Configuration": {
        "type": "Transitive",
        "resolved": "9.0.1",
        "contentHash": "VuthqFS+ju6vT8W4wevdhEFiRi1trvQtkzWLonApfF5USVzzDcTBoY3F24WvN/tffLSrycArVfX1bThm/9xY2A==",
        "dependencies": {
          "Microsoft.Extensions.Configuration.Abstractions": "9.0.1",
          "Microsoft.Extensions.Primitives": "9.0.1"
        }
      },
      "Microsoft.Extensions.Configuration.Abstractions": {
        "type": "Transitive",
        "resolved": "9.0.1",
        "contentHash": "+4hfFIY1UjBCXFTTOd+ojlDPq6mep3h5Vq5SYE3Pjucr7dNXmq4S/6P/LoVnZFz2e/5gWp/om4svUFgznfULcA==",
        "dependencies": {
          "Microsoft.Extensions.Primitives": "9.0.1"
        }
      },
      "Microsoft.Extensions.Configuration.Binder": {
        "type": "Transitive",
        "resolved": "9.0.1",
        "contentHash": "w7kAyu1Mm7eParRV6WvGNNwA8flPTub16fwH49h7b/yqJZFTgYxnOVCuiah3G2bgseJMEq4DLjjsyQRvsdzRgA==",
        "dependencies": {
          "Microsoft.Extensions.Configuration.Abstractions": "9.0.1"
        }
      },
      "Microsoft.Extensions.Configuration.CommandLine": {
        "type": "Transitive",
        "resolved": "9.0.1",
        "contentHash": "5WC1OsXfljC1KHEyL0yefpAyt1UZjrZ0/xyOqFowc5VntbE79JpCYOTSYFlxEuXm3Oq5xsgU2YXeZLTgAAX+DA==",
        "dependencies": {
          "Microsoft.Extensions.Configuration": "9.0.1",
          "Microsoft.Extensions.Configuration.Abstractions": "9.0.1"
        }
      },
      "Microsoft.Extensions.Configuration.EnvironmentVariables": {
        "type": "Transitive",
        "resolved": "9.0.1",
        "contentHash": "5HShUdF8KFAUSzoEu0DOFbX09FlcFtHxEalowyjM7Kji0EjdF0DLjHajb2IBvoqsExAYox+Z2GfbfGF7dH7lKQ==",
        "dependencies": {
          "Microsoft.Extensions.Configuration": "9.0.1",
          "Microsoft.Extensions.Configuration.Abstractions": "9.0.1"
        }
      },
      "Microsoft.Extensions.Configuration.FileExtensions": {
        "type": "Transitive",
        "resolved": "9.0.1",
        "contentHash": "QBOI8YVAyKqeshYOyxSe6co22oag431vxMu5xQe1EjXMkYE4xK4J71xLCW3/bWKmr9Aoy1VqGUARSLFnotk4Bg==",
        "dependencies": {
          "Microsoft.Extensions.Configuration": "9.0.1",
          "Microsoft.Extensions.Configuration.Abstractions": "9.0.1",
          "Microsoft.Extensions.FileProviders.Abstractions": "9.0.1",
          "Microsoft.Extensions.FileProviders.Physical": "9.0.1",
          "Microsoft.Extensions.Primitives": "9.0.1"
        }
      },
      "Microsoft.Extensions.Configuration.Json": {
        "type": "Transitive",
        "resolved": "9.0.1",
        "contentHash": "z+g+lgPET1JRDjsOkFe51rkkNcnJgvOK5UIpeTfF1iAi0GkBJz5/yUuTa8a9V8HUh4gj4xFT5WGoMoXoSDKfGg==",
        "dependencies": {
          "Microsoft.Extensions.Configuration": "9.0.1",
          "Microsoft.Extensions.Configuration.Abstractions": "9.0.1",
          "Microsoft.Extensions.Configuration.FileExtensions": "9.0.1",
          "Microsoft.Extensions.FileProviders.Abstractions": "9.0.1"
        }
      },
      "Microsoft.Extensions.Configuration.UserSecrets": {
        "type": "Transitive",
        "resolved": "9.0.1",
        "contentHash": "esGPOgLZ1tZddEomexhrU+LJ5YIsuJdkh0tU7r4WVpNZ15dLuMPqPW4Xe4txf3T2PDUX2ILe3nYQEDjZjfSEJg==",
        "dependencies": {
          "Microsoft.Extensions.Configuration.Abstractions": "9.0.1",
          "Microsoft.Extensions.Configuration.Json": "9.0.1",
          "Microsoft.Extensions.FileProviders.Abstractions": "9.0.1",
          "Microsoft.Extensions.FileProviders.Physical": "9.0.1"
        }
      },
      "Microsoft.Extensions.DependencyInjection": {
        "type": "Transitive",
        "resolved": "9.0.1",
        "contentHash": "qZI42ASAe3hr2zMSA6UjM92pO1LeDq5DcwkgSowXXPY8I56M76pEKrnmsKKbxagAf39AJxkH2DY4sb72ixyOrg==",
        "dependencies": {
          "Microsoft.Extensions.DependencyInjection.Abstractions": "9.0.1"
        }
      },
      "Microsoft.Extensions.DependencyInjection.Abstractions": {
        "type": "Transitive",
        "resolved": "9.0.1",
        "contentHash": "Tr74eP0oQ3AyC24ch17N8PuEkrPbD0JqIfENCYqmgKYNOmL8wQKzLJu3ObxTUDrjnn4rHoR1qKa37/eQyHmCDA=="
      },
      "Microsoft.Extensions.Diagnostics": {
        "type": "Transitive",
        "resolved": "9.0.1",
        "contentHash": "4ZmP6turxMFsNwK/MCko2fuIITaYYN/eXyyIRq1FjLDKnptdbn6xMb7u0zfSMzCGpzkx4RxH/g1jKN2IchG7uA==",
        "dependencies": {
          "Microsoft.Extensions.Configuration": "9.0.1",
          "Microsoft.Extensions.Diagnostics.Abstractions": "9.0.1",
          "Microsoft.Extensions.Options.ConfigurationExtensions": "9.0.1"
        }
      },
      "Microsoft.Extensions.Diagnostics.Abstractions": {
        "type": "Transitive",
        "resolved": "9.0.1",
        "contentHash": "pfAPuVtHvG6dvZtAa0OQbXdDqq6epnr8z0/IIUjdmV0tMeI8Aj9KxDXvdDvqr+qNHTkmA7pZpChNxwNZt4GXVg==",
        "dependencies": {
          "Microsoft.Extensions.DependencyInjection.Abstractions": "9.0.1",
          "Microsoft.Extensions.Options": "9.0.1"
        }
      },
      "Microsoft.Extensions.FileProviders.Abstractions": {
        "type": "Transitive",
        "resolved": "9.0.1",
        "contentHash": "DguZYt1DWL05+8QKWL3b6bW7A2pC5kYFMY5iXM6W2M23jhvcNa8v6AU8PvVJBcysxHwr9/jax0agnwoBumsSwg==",
        "dependencies": {
          "Microsoft.Extensions.Primitives": "9.0.1"
        }
      },
      "Microsoft.Extensions.FileProviders.Physical": {
        "type": "Transitive",
        "resolved": "9.0.1",
        "contentHash": "TKDMNRS66UTMEVT38/tU9hA63UTMvzI3DyNm5mx8+JCf3BaOtxgrvWLCI1y3J52PzT5yNl/T2KN5Z0KbApLZcg==",
        "dependencies": {
          "Microsoft.Extensions.FileProviders.Abstractions": "9.0.1",
          "Microsoft.Extensions.FileSystemGlobbing": "9.0.1",
          "Microsoft.Extensions.Primitives": "9.0.1"
        }
      },
      "Microsoft.Extensions.FileSystemGlobbing": {
        "type": "Transitive",
        "resolved": "9.0.1",
        "contentHash": "Mxcp9NXuQMvAnudRZcgIb5SqlWrlullQzntBLTwuv0MPIJ5LqiGwbRqiyxgdk+vtCoUkplb0oXy5kAw1t469Ug=="
      },
      "Microsoft.Extensions.Hosting": {
        "type": "Transitive",
        "resolved": "9.0.1",
        "contentHash": "3wZNcVvC8RW44HDqqmIq+BqF5pgmTQdbNdR9NyYw33JSMnJuclwoJ2PEkrJ/KvD1U/hmqHVL3l5If+Hn3D1fWA==",
        "dependencies": {
          "Microsoft.Extensions.Configuration": "9.0.1",
          "Microsoft.Extensions.Configuration.Abstractions": "9.0.1",
          "Microsoft.Extensions.Configuration.Binder": "9.0.1",
          "Microsoft.Extensions.Configuration.CommandLine": "9.0.1",
          "Microsoft.Extensions.Configuration.EnvironmentVariables": "9.0.1",
          "Microsoft.Extensions.Configuration.FileExtensions": "9.0.1",
          "Microsoft.Extensions.Configuration.Json": "9.0.1",
          "Microsoft.Extensions.Configuration.UserSecrets": "9.0.1",
          "Microsoft.Extensions.DependencyInjection": "9.0.1",
          "Microsoft.Extensions.DependencyInjection.Abstractions": "9.0.1",
          "Microsoft.Extensions.Diagnostics": "9.0.1",
          "Microsoft.Extensions.FileProviders.Abstractions": "9.0.1",
          "Microsoft.Extensions.FileProviders.Physical": "9.0.1",
          "Microsoft.Extensions.Hosting.Abstractions": "9.0.1",
          "Microsoft.Extensions.Logging": "9.0.1",
          "Microsoft.Extensions.Logging.Abstractions": "9.0.1",
          "Microsoft.Extensions.Logging.Configuration": "9.0.1",
          "Microsoft.Extensions.Logging.Console": "9.0.1",
          "Microsoft.Extensions.Logging.Debug": "9.0.1",
          "Microsoft.Extensions.Logging.EventLog": "9.0.1",
          "Microsoft.Extensions.Logging.EventSource": "9.0.1",
          "Microsoft.Extensions.Options": "9.0.1"
        }
      },
      "Microsoft.Extensions.Hosting.Abstractions": {
        "type": "Transitive",
        "resolved": "9.0.1",
        "contentHash": "CwSMhLNe8HLkfbFzdz0CHWJhtWH3TtfZSicLBd/itFD+NqQtfGHmvqXHQbaFFl3mQB5PBb2gxwzWQyW2pIj7PA==",
        "dependencies": {
          "Microsoft.Extensions.Configuration.Abstractions": "9.0.1",
          "Microsoft.Extensions.DependencyInjection.Abstractions": "9.0.1",
          "Microsoft.Extensions.Diagnostics.Abstractions": "9.0.1",
          "Microsoft.Extensions.FileProviders.Abstractions": "9.0.1",
          "Microsoft.Extensions.Logging.Abstractions": "9.0.1"
        }
      },
      "Microsoft.Extensions.Logging": {
        "type": "Transitive",
        "resolved": "9.0.1",
        "contentHash": "E/k5r7S44DOW+08xQPnNbO8DKAQHhkspDboTThNJ6Z3/QBb4LC6gStNWzVmy3IvW7sUD+iJKf4fj0xEkqE7vnQ==",
        "dependencies": {
          "Microsoft.Extensions.DependencyInjection": "9.0.1",
          "Microsoft.Extensions.Logging.Abstractions": "9.0.1",
          "Microsoft.Extensions.Options": "9.0.1"
        }
      },
      "Microsoft.Extensions.Logging.Abstractions": {
        "type": "Transitive",
        "resolved": "9.0.1",
        "contentHash": "w2gUqXN/jNIuvqYwX3lbXagsizVNXYyt6LlF57+tMve4JYCEgCMMAjRce6uKcDASJgpMbErRT1PfHy2OhbkqEA==",
        "dependencies": {
          "Microsoft.Extensions.DependencyInjection.Abstractions": "9.0.1"
        }
      },
      "Microsoft.Extensions.Logging.Configuration": {
        "type": "Transitive",
        "resolved": "9.0.1",
        "contentHash": "MeZePlyu3/74Wk4FHYSzXijADJUhWa7gxtaphLxhS8zEPWdJuBCrPo0sezdCSZaKCL+cZLSLobrb7xt2zHOxZQ==",
        "dependencies": {
          "Microsoft.Extensions.Configuration": "9.0.1",
          "Microsoft.Extensions.Configuration.Abstractions": "9.0.1",
          "Microsoft.Extensions.Configuration.Binder": "9.0.1",
          "Microsoft.Extensions.DependencyInjection.Abstractions": "9.0.1",
          "Microsoft.Extensions.Logging": "9.0.1",
          "Microsoft.Extensions.Logging.Abstractions": "9.0.1",
          "Microsoft.Extensions.Options": "9.0.1",
          "Microsoft.Extensions.Options.ConfigurationExtensions": "9.0.1"
        }
      },
      "Microsoft.Extensions.Logging.Debug": {
        "type": "Transitive",
        "resolved": "9.0.1",
        "contentHash": "pzdyibIV8k4sym0Sszcp2MJCuXrpOGs9qfOvY+hCRu8k4HbdVoeKOLnacxHK6vEPITX5o5FjjsZW2zScLXTjYA==",
        "dependencies": {
          "Microsoft.Extensions.DependencyInjection.Abstractions": "9.0.1",
          "Microsoft.Extensions.Logging": "9.0.1",
          "Microsoft.Extensions.Logging.Abstractions": "9.0.1"
        }
      },
      "Microsoft.Extensions.Logging.EventLog": {
        "type": "Transitive",
        "resolved": "9.0.1",
        "contentHash": "+a4RlbwFWjsMujNNhf1Jy9Nm5CpMT+nxXxfgrkRSloPo0OAWhPSPsrFo6VWpvgIPPS41qmfAVWr3DqAmOoVZgQ==",
        "dependencies": {
          "Microsoft.Extensions.DependencyInjection.Abstractions": "9.0.1",
          "Microsoft.Extensions.Logging": "9.0.1",
          "Microsoft.Extensions.Logging.Abstractions": "9.0.1",
          "Microsoft.Extensions.Options": "9.0.1",
          "System.Diagnostics.EventLog": "9.0.1"
        }
      },
      "Microsoft.Extensions.Logging.EventSource": {
        "type": "Transitive",
        "resolved": "9.0.1",
        "contentHash": "d47ZRZUOg1dGOX+yisWScQ7w4+92OlR9beS2UXaiadUCA3RFoZzobzVgrzBX7Oo/qefx9LxdRcaeFpWKb3BNBw==",
        "dependencies": {
          "Microsoft.Extensions.DependencyInjection.Abstractions": "9.0.1",
          "Microsoft.Extensions.Logging": "9.0.1",
          "Microsoft.Extensions.Logging.Abstractions": "9.0.1",
          "Microsoft.Extensions.Options": "9.0.1",
          "Microsoft.Extensions.Primitives": "9.0.1"
        }
      },
      "Microsoft.Extensions.Options": {
        "type": "Transitive",
        "resolved": "9.0.1",
        "contentHash": "nggoNKnWcsBIAaOWHA+53XZWrslC7aGeok+aR+epDPRy7HI7GwMnGZE8yEsL2Onw7kMOHVHwKcsDls1INkNUJQ==",
        "dependencies": {
          "Microsoft.Extensions.DependencyInjection.Abstractions": "9.0.1",
          "Microsoft.Extensions.Primitives": "9.0.1"
        }
      },
      "Microsoft.Extensions.Options.ConfigurationExtensions": {
        "type": "Transitive",
        "resolved": "9.0.1",
        "contentHash": "8RRKWtuU4fR+8MQLR/8CqZwZ9yc2xCpllw/WPRY7kskIqEq0hMcEI4AfUJO72yGiK2QJkrsDcUvgB5Yc+3+lyg==",
        "dependencies": {
          "Microsoft.Extensions.Configuration.Abstractions": "9.0.1",
          "Microsoft.Extensions.Configuration.Binder": "9.0.1",
          "Microsoft.Extensions.DependencyInjection.Abstractions": "9.0.1",
          "Microsoft.Extensions.Options": "9.0.1",
          "Microsoft.Extensions.Primitives": "9.0.1"
        }
      },
      "Microsoft.Extensions.Primitives": {
        "type": "Transitive",
        "resolved": "9.0.1",
        "contentHash": "bHtTesA4lrSGD1ZUaMIx6frU3wyy0vYtTa/hM6gGQu5QNrydObv8T5COiGUWsisflAfmsaFOe9Xvw5NSO99z0g=="
      },
      "Microsoft.TestPlatform.ObjectModel": {
        "type": "Transitive",
        "resolved": "17.12.0",
        "contentHash": "TDqkTKLfQuAaPcEb3pDDWnh7b3SyZF+/W9OZvWFp6eJCIiiYFdSB6taE2I6tWrFw5ywhzOb6sreoGJTI6m3rSQ==",
        "dependencies": {
          "System.Reflection.Metadata": "1.6.0"
        }
      },
      "Microsoft.TestPlatform.TestHost": {
        "type": "Transitive",
        "resolved": "17.12.0",
        "contentHash": "MiPEJQNyADfwZ4pJNpQex+t9/jOClBGMiCiVVFuELCMSX2nmNfvUor3uFVxNNCg30uxDP8JDYfPnMXQzsfzYyg==",
        "dependencies": {
          "Microsoft.TestPlatform.ObjectModel": "17.12.0",
          "Newtonsoft.Json": "13.0.1"
        }
      },
      "Newtonsoft.Json": {
        "type": "Transitive",
        "resolved": "13.0.1",
        "contentHash": "ppPFpBcvxdsfUonNcvITKqLl3bqxWbDCZIzDWHzjpdAHRFfZe0Dw9HmA0+za13IdyrgJwpkDTDA9fHaxOrt20A=="
      },
      "Serilog": {
        "type": "Transitive",
        "resolved": "4.2.0",
        "contentHash": "gmoWVOvKgbME8TYR+gwMf7osROiWAURterc6Rt2dQyX7wtjZYpqFiA/pY6ztjGQKKV62GGCyOcmtP1UKMHgSmA=="
      },
      "Serilog.Extensions.Logging": {
        "type": "Transitive",
        "resolved": "9.0.0",
        "contentHash": "NwSSYqPJeKNzl5AuXVHpGbr6PkZJFlNa14CdIebVjK3k/76kYj/mz5kiTRNVSsSaxM8kAIa1kpy/qyT9E4npRQ==",
        "dependencies": {
          "Microsoft.Extensions.Logging": "9.0.0",
          "Serilog": "4.2.0"
        }
      },
      "Serilog.Sinks.File": {
        "type": "Transitive",
        "resolved": "6.0.0",
        "contentHash": "lxjg89Y8gJMmFxVkbZ+qDgjl+T4yC5F7WSLTvA+5q0R04tfKVLRL/EHpYoJ/MEQd2EeCKDuylBIVnAYMotmh2A==",
        "dependencies": {
          "Serilog": "4.0.0"
        }
      },
      "System.Diagnostics.EventLog": {
        "type": "Transitive",
        "resolved": "9.0.1",
        "contentHash": "iVnDpgYJsRaRFnk77kcLA3+913WfWDtnAKrQl9tQ5ahqKANTaJKmQdsuPWWiAPWE9pk1Kj4Pg9JGXWfFYYyakQ=="
      },
      "System.IO.Abstractions": {
        "type": "Transitive",
        "resolved": "21.2.1",
        "contentHash": "fLz5LB8tl52AXw/e9rk3BV259TUHG/Yp7PgXGWQuiGvSERAv0ABXhtArSOEdx4K+VlXEh90zFgYYGcZza9VyFA==",
        "dependencies": {
          "TestableIO.System.IO.Abstractions": "21.2.1",
          "TestableIO.System.IO.Abstractions.Wrappers": "21.2.1"
        }
      },
      "System.IO.Abstractions.TestingHelpers": {
        "type": "Transitive",
        "resolved": "21.2.1",
        "contentHash": "dCtLiVj1nJvJCO1lxsNy/97YiZ0y/fXeFKHWwdnxPFMOQsF3L4KF3o+MSxVqkWGzwDCIzaS42qYcEkkvtEhAhw==",
        "dependencies": {
          "TestableIO.System.IO.Abstractions.TestingHelpers": "21.2.1"
        }
      },
      "System.Reflection.Metadata": {
        "type": "Transitive",
        "resolved": "1.6.0",
        "contentHash": "COC1aiAJjCoA5GBF+QKL2uLqEBew4JsCkQmoHKbN3TlOZKa2fKLz5CpiRQKDz0RsAOEGsVKqOD5bomsXq/4STQ=="
      },
      "System.Text.Json": {
        "type": "Transitive",
        "resolved": "9.0.1",
        "contentHash": "eqWHDZqYPv1PvuvoIIx5pF74plL3iEOZOl/0kQP+Y0TEbtgNnM2W6k8h8EPYs+LTJZsXuWa92n5W5sHTWvE3VA=="
      },
      "TestableIO.System.IO.Abstractions": {
        "type": "Transitive",
        "resolved": "21.2.1",
        "contentHash": "47NQXrfVUF+0b8W5EMnERR7FpgWE04wuYR1s9WvlNyh1hnRMGDPOvmewBLIZUG88Rhj9buzG3VVR8sAgH7TzjA=="
      },
      "TestableIO.System.IO.Abstractions.TestingHelpers": {
        "type": "Transitive",
        "resolved": "21.2.1",
        "contentHash": "Rt8o05EmQjNJdo57NJchp8Yw6KNYs4mwfJRN7U7l925FAK5gBFXr/A7SB0KDLYwfzHzsGXNV1KxcmJlS3+usmA==",
        "dependencies": {
          "TestableIO.System.IO.Abstractions": "21.2.1",
          "TestableIO.System.IO.Abstractions.Wrappers": "21.2.1"
        }
      },
      "TestableIO.System.IO.Abstractions.Wrappers": {
        "type": "Transitive",
        "resolved": "21.2.1",
        "contentHash": "a0jzTAZRIic40USnf8b59EbJ6+hh/kndLV3mTxgSGBkjei/H9qjULOtk/ZHQtRD8lLaUav7ZsMZn6JiwCgDmEw==",
        "dependencies": {
          "TestableIO.System.IO.Abstractions": "21.2.1"
        }
      },
      "YamlDotNet": {
        "type": "Transitive",
        "resolved": "16.3.0",
        "contentHash": "SgMOdxbz8X65z8hraIs6hOEdnkH6hESTAIUa7viEngHOYaH+6q5XJmwr1+yb9vJpNQ19hCQY69xbFsLtXpobQA=="
      },
      "pwd.cli": {
        "type": "Project",
        "dependencies": {
          "Microsoft.Extensions.Hosting": "[9.0.1, )",
          "Serilog": "[4.2.0, )",
          "Serilog.Extensions.Logging": "[9.0.0, )",
          "Serilog.Sinks.File": "[6.0.0, )",
          "System.IO.Abstractions": "[21.2.1, )",
          "System.IO.Abstractions.TestingHelpers": "[21.2.1, )",
          "YamlDotNet": "[16.3.0, )",
          "pwd.console": "[1.0.0, )",
          "pwd.core": "[1.0.0, )"
        }
      },
      "pwd.console": {
        "type": "Project",
        "dependencies": {
          "Microsoft.Extensions.Logging.Abstractions": "[9.0.1, )",
          "pwd.library": "[1.0.0, )"
        }
      },
      "pwd.core": {
        "type": "Project",
        "dependencies": {
          "Microsoft.Extensions.Logging": "[9.0.1, )",
          "System.IO.Abstractions": "[21.2.1, )",
          "System.Text.Json": "[9.0.1, )"
        }
      },
      "pwd.library": {
        "type": "Project"
      }
    }
  }
}